
Microsoft Visual Studio Solution File, Format Version 12.00
# Visual Studio 14
VisualStudioVersion = 14.0.25420.1
MinimumVisualStudioVersion = 10.0.40219.1
Project("{FAE04EC0-301F-11D3-BF4B-00C04F79EFBC}") = "GITRhytify", "GITRhytify\GITRhytify.csproj", "{260AA0C9-5F1D-49C6-82F0-5F683142AEE3}"
EndProject
Project("{FAE04EC0-301F-11D3-BF4B-00C04F79EFBC}") = "ConsoleGIT", "ConsoleGIT\ConsoleGIT.csproj", "{A1F7EFCC-A55B-4B55-B1EC-DB73A8CE29CB}"
EndProject
Global
	GlobalSection(SolutionConfigurationPlatforms) = preSolution
		Debug|Any CPU = Debug|Any CPU
		Release|Any CPU = Release|Any CPU
	EndGlobalSection
	GlobalSection(ProjectConfigurationPlatforms) = postSolution
		{260AA0C9-5F1D-49C6-82F0-5F683142AEE3}.Debug|Any CPU.ActiveCfg = Debug|Any CPU
		{260AA0C9-5F1D-49C6-82F0-5F683142AEE3}.Debug|Any CPU.Build.0 = Debug|Any CPU
		{260AA0C9-5F1D-49C6-82F0-5F683142AEE3}.Release|Any CPU.ActiveCfg = Release|Any CPU
		{260AA0C9-5F1D-49C6-82F0-5F683142AEE3}.Release|Any CPU.Build.0 = Release|Any CPU
		{A1F7EFCC-A55B-4B55-B1EC-DB73A8CE29CB}.Debug|Any CPU.ActiveCfg = Debug|Any CPU
		{A1F7EFCC-A55B-4B55-B1EC-DB73A8CE29CB}.Debug|Any CPU.Build.0 = Debug|Any CPU
		{A1F7EFCC-A55B-4B55-B1EC-DB73A8CE29CB}.Release|Any CPU.ActiveCfg = Release|Any CPU
		{A1F7EFCC-A55B-4B55-B1EC-DB73A8CE29CB}.Release|Any CPU.Build.0 = Release|Any CPU
	EndGlobalSection
	GlobalSection(SolutionProperties) = preSolution
		HideSolutionNode = FALSE
	EndGlobalSection
EndGlobal
